// !$*UTF8*$!
{
	archiveVersion = 1;
	classes = {
	};
	objectVersion = 48;
	objects = {

/* Begin PBXBuildFile section */
		C3A20A0B1FC3297B00C354C6 /* AppDelegate.swift in Sources */ = {isa = PBXBuildFile; fileRef = C3A20A0A1FC3297B00C354C6 /* AppDelegate.swift */; };
		C3A20A0D1FC3297B00C354C6 /* ViewController.swift in Sources */ = {isa = PBXBuildFile; fileRef = C3A20A0C1FC3297B00C354C6 /* ViewController.swift */; };
		C3A20A101FC3297B00C354C6 /* Main.storyboard in Resources */ = {isa = PBXBuildFile; fileRef = C3A20A0E1FC3297B00C354C6 /* Main.storyboard */; };
		C3A20A121FC3297B00C354C6 /* Assets.xcassets in Resources */ = {isa = PBXBuildFile; fileRef = C3A20A111FC3297B00C354C6 /* Assets.xcassets */; };
		C3A20A151FC3297B00C354C6 /* LaunchScreen.storyboard in Resources */ = {isa = PBXBuildFile; fileRef = C3A20A131FC3297B00C354C6 /* LaunchScreen.storyboard */; };
		C3A20A201FC3297B00C354C6 /* ConcentrationTests.swift in Sources */ = {isa = PBXBuildFile; fileRef = C3A20A1F1FC3297B00C354C6 /* ConcentrationTests.swift */; };
		C3A20A2B1FC3297B00C354C6 /* ConcentrationUITests.swift in Sources */ = {isa = PBXBuildFile; fileRef = C3A20A2A1FC3297B00C354C6 /* ConcentrationUITests.swift */; };
		C3A20A391FC346E500C354C6 /* Concentration.swift in Sources */ = {isa = PBXBuildFile; fileRef = C3A20A381FC346E500C354C6 /* Concentration.swift */; };
/* End PBXBuildFile section */

/* Begin PBXContainerItemProxy section */
		C3A20A1C1FC3297B00C354C6 /* PBXContainerItemProxy */ = {
			isa = PBXContainerItemProxy;
			containerPortal = C3A209FF1FC3297B00C354C6 /* Project object */;
			proxyType = 1;
			remoteGlobalIDString = C3A20A061FC3297B00C354C6;
			remoteInfo = Concentration;
		};
		C3A20A271FC3297B00C354C6 /* PBXContainerItemProxy */ = {
			isa = PBXContainerItemProxy;
			containerPortal = C3A209FF1FC3297B00C354C6 /* Project object */;
			proxyType = 1;
			remoteGlobalIDString = C3A20A061FC3297B00C354C6;
			remoteInfo = Concentration;
		};
/* End PBXContainerItemProxy section */

/* Begin PBXFileReference section */
		C3A20A071FC3297B00C354C6 /* Concentration.app */ = {isa = PBXFileReference; explicitFileType = wrapper.application; includeInIndex = 0; path = Concentration.app; sourceTree = BUILT_PRODUCTS_DIR; };
		C3A20A0A1FC3297B00C354C6 /* AppDelegate.swift */ = {isa = PBXFileReference; lastKnownFileType = sourcecode.swift; path = AppDelegate.swift; sourceTree = "<group>"; };
		C3A20A0C1FC3297B00C354C6 /* ViewController.swift */ = {isa = PBXFileReference; lastKnownFileType = sourcecode.swift; path = ViewController.swift; sourceTree = "<group>"; };
		C3A20A0F1FC3297B00C354C6 /* Base */ = {isa = PBXFileReference; lastKnownFileType = file.storyboard; name = Base; path = Base.lproj/Main.storyboard; sourceTree = "<group>"; };
		C3A20A111FC3297B00C354C6 /* Assets.xcassets */ = {isa = PBXFileReference; lastKnownFileType = folder.assetcatalog; path = Assets.xcassets; sourceTree = "<group>"; };
		C3A20A141FC3297B00C354C6 /* Base */ = {isa = PBXFileReference; lastKnownFileType = file.storyboard; name = Base; path = Base.lproj/LaunchScreen.storyboard; sourceTree = "<group>"; };
		C3A20A161FC3297B00C354C6 /* Info.plist */ = {isa = PBXFileReference; lastKnownFileType = text.plist.xml; path = Info.plist; sourceTree = "<group>"; };
		C3A20A1B1FC3297B00C354C6 /* ConcentrationTests.xctest */ = {isa = PBXFileReference; explicitFileType = wrapper.cfbundle; includeInIndex = 0; path = ConcentrationTests.xctest; sourceTree = BUILT_PRODUCTS_DIR; };
		C3A20A1F1FC3297B00C354C6 /* ConcentrationTests.swift */ = {isa = PBXFileReference; lastKnownFileType = sourcecode.swift; path = ConcentrationTests.swift; sourceTree = "<group>"; };
		C3A20A211FC3297B00C354C6 /* Info.plist */ = {isa = PBXFileReference; lastKnownFileType = text.plist.xml; path = Info.plist; sourceTree = "<group>"; };
		C3A20A261FC3297B00C354C6 /* ConcentrationUITests.xctest */ = {isa = PBXFileReference; explicitFileType = wrapper.cfbundle; includeInIndex = 0; path = ConcentrationUITests.xctest; sourceTree = BUILT_PRODUCTS_DIR; };
		C3A20A2A1FC3297B00C354C6 /* ConcentrationUITests.swift */ = {isa = PBXFileReference; lastKnownFileType = sourcecode.swift; path = ConcentrationUITests.swift; sourceTree = "<group>"; };
		C3A20A2C1FC3297B00C354C6 /* Info.plist */ = {isa = PBXFileReference; lastKnownFileType = text.plist.xml; path = Info.plist; sourceTree = "<group>"; };
		C3A20A381FC346E500C354C6 /* Concentration.swift */ = {isa = PBXFileReference; lastKnownFileType = sourcecode.swift; path = Concentration.swift; sourceTree = "<group>"; };
/* End PBXFileReference section */

/* Begin PBXFrameworksBuildPhase section */
		C3A20A041FC3297B00C354C6 /* Frameworks */ = {
			isa = PBXFrameworksBuildPhase;
			buildActionMask = 2147483647;
			files = (
			);
			runOnlyForDeploymentPostprocessing = 0;
		};
		C3A20A181FC3297B00C354C6 /* Frameworks */ = {
			isa = PBXFrameworksBuildPhase;
			buildActionMask = 2147483647;
			files = (
			);
			runOnlyForDeploymentPostprocessing = 0;
		};
		C3A20A231FC3297B00C354C6 /* Frameworks */ = {
			isa = PBXFrameworksBuildPhase;
			buildActionMask = 2147483647;
			files = (
			);
			runOnlyForDeploymentPostprocessing = 0;
		};
/* End PBXFrameworksBuildPhase section */

/* Begin PBXGroup section */
		C3A209FE1FC3297B00C354C6 = {
			isa = PBXGroup;
			children = (
				C3A20A091FC3297B00C354C6 /* Concentration */,
				C3A20A1E1FC3297B00C354C6 /* ConcentrationTests */,
				C3A20A291FC3297B00C354C6 /* ConcentrationUITests */,
				C3A20A081FC3297B00C354C6 /* Products */,
			);
			sourceTree = "<group>";
		};
		C3A20A081FC3297B00C354C6 /* Products */ = {
			isa = PBXGroup;
			children = (
				C3A20A071FC3297B00C354C6 /* Concentration.app */,
				C3A20A1B1FC3297B00C354C6 /* ConcentrationTests.xctest */,
				C3A20A261FC3297B00C354C6 /* ConcentrationUITests.xctest */,
			);
			name = Products;
			sourceTree = "<group>";
		};
		C3A20A091FC3297B00C354C6 /* Concentration */ = {
			isa = PBXGroup;
			children = (
				C3A20A0A1FC3297B00C354C6 /* AppDelegate.swift */,
				C3A20A0C1FC3297B00C354C6 /* ViewController.swift */,
				C3A20A0E1FC3297B00C354C6 /* Main.storyboard */,
				C3A20A111FC3297B00C354C6 /* Assets.xcassets */,
				C3A20A131FC3297B00C354C6 /* LaunchScreen.storyboard */,
				C3A20A161FC3297B00C354C6 /* Info.plist */,
				C3A20A381FC346E500C354C6 /* Concentration.swift */,
			);
			path = Concentration;
			sourceTree = "<group>";
		};
		C3A20A1E1FC3297B00C354C6 /* ConcentrationTests */ = {
			isa = PBXGroup;
			children = (
				C3A20A1F1FC3297B00C354C6 /* ConcentrationTests.swift */,
				C3A20A211FC3297B00C354C6 /* Info.plist */,
			);
			path = ConcentrationTests;
			sourceTree = "<group>";
		};
		C3A20A291FC3297B00C354C6 /* ConcentrationUITests */ = {
			isa = PBXGroup;
			children = (
				C3A20A2A1FC3297B00C354C6 /* ConcentrationUITests.swift */,
				C3A20A2C1FC3297B00C354C6 /* Info.plist */,
			);
			path = ConcentrationUITests;
			sourceTree = "<group>";
		};
/* End PBXGroup section */

/* Begin PBXNativeTarget section */
		C3A20A061FC3297B00C354C6 /* Concentration */ = {
			isa = PBXNativeTarget;
			buildConfigurationList = C3A20A2F1FC3297B00C354C6 /* Build configuration list for PBXNativeTarget "Concentration" */;
			buildPhases = (
				C3A20A031FC3297B00C354C6 /* Sources */,
				C3A20A041FC3297B00C354C6 /* Frameworks */,
				C3A20A051FC3297B00C354C6 /* Resources */,
			);
			buildRules = (
			);
			dependencies = (
			);
			name = Concentration;
			productName = Concentration;
			productReference = C3A20A071FC3297B00C354C6 /* Concentration.app */;
			productType = "com.apple.product-type.application";
		};
		C3A20A1A1FC3297B00C354C6 /* ConcentrationTests */ = {
			isa = PBXNativeTarget;
			buildConfigurationList = C3A20A321FC3297B00C354C6 /* Build configuration list for PBXNativeTarget "ConcentrationTests" */;
			buildPhases = (
				C3A20A171FC3297B00C354C6 /* Sources */,
				C3A20A181FC3297B00C354C6 /* Frameworks */,
				C3A20A191FC3297B00C354C6 /* Resources */,
			);
			buildRules = (
			);
			dependencies = (
				C3A20A1D1FC3297B00C354C6 /* PBXTargetDependency */,
			);
			name = ConcentrationTests;
			productName = ConcentrationTests;
			productReference = C3A20A1B1FC3297B00C354C6 /* ConcentrationTests.xctest */;
			productType = "com.apple.product-type.bundle.unit-test";
		};
		C3A20A251FC3297B00C354C6 /* ConcentrationUITests */ = {
			isa = PBXNativeTarget;
			buildConfigurationList = C3A20A351FC3297B00C354C6 /* Build configuration list for PBXNativeTarget "ConcentrationUITests" */;
			buildPhases = (
				C3A20A221FC3297B00C354C6 /* Sources */,
				C3A20A231FC3297B00C354C6 /* Frameworks */,
				C3A20A241FC3297B00C354C6 /* Resources */,
			);
			buildRules = (
			);
			dependencies = (
				C3A20A281FC3297B00C354C6 /* PBXTargetDependency */,
			);
			name = ConcentrationUITests;
			productName = ConcentrationUITests;
			productReference = C3A20A261FC3297B00C354C6 /* ConcentrationUITests.xctest */;
			productType = "com.apple.product-type.bundle.ui-testing";
		};
/* End PBXNativeTarget section */

/* Begin PBXProject section */
		C3A209FF1FC3297B00C354C6 /* Project object */ = {
			isa = PBXProject;
			attributes = {
				LastSwiftUpdateCheck = 0910;
				LastUpgradeCheck = 0910;
				ORGANIZATIONNAME = "Salvador Ariza";
				TargetAttributes = {
					C3A20A061FC3297B00C354C6 = {
						CreatedOnToolsVersion = 9.1;
						ProvisioningStyle = Automatic;
					};
					C3A20A1A1FC3297B00C354C6 = {
						CreatedOnToolsVersion = 9.1;
						ProvisioningStyle = Automatic;
						TestTargetID = C3A20A061FC3297B00C354C6;
					};
					C3A20A251FC3297B00C354C6 = {
						CreatedOnToolsVersion = 9.1;
						ProvisioningStyle = Automatic;
						TestTargetID = C3A20A061FC3297B00C354C6;
					};
				};
			};
			buildConfigurationList = C3A20A021FC3297B00C354C6 /* Build configuration list for PBXProject "Concentration" */;
			compatibilityVersion = "Xcode 8.0";
			developmentRegion = en;
			hasScannedForEncodings = 0;
			knownRegions = (
				en,
				Base,
			);
			mainGroup = C3A209FE1FC3297B00C354C6;
			productRefGroup = C3A20A081FC3297B00C354C6 /* Products */;
			projectDirPath = "";
			projectRoot = "";
			targets = (
				C3A20A061FC3297B00C354C6 /* Concentration */,
				C3A20A1A1FC3297B00C354C6 /* ConcentrationTests */,
				C3A20A251FC3297B00C354C6 /* ConcentrationUITests */,
			);
		};
/* End PBXProject section */

/* Begin PBXResourcesBuildPhase section */
		C3A20A051FC3297B00C354C6 /* Resources */ = {
			isa = PBXResourcesBuildPhase;
			buildActionMask = 2147483647;
			files = (
				C3A20A151FC3297B00C354C6 /* LaunchScreen.storyboard in Resources */,
				C3A20A121FC3297B00C354C6 /* Assets.xcassets in Resources */,
				C3A20A101FC3297B00C354C6 /* Main.storyboard in Resources */,
			);
			runOnlyForDeploymentPostprocessing = 0;
		};
		C3A20A191FC3297B00C354C6 /* Resources */ = {
			isa = PBXResourcesBuildPhase;
			buildActionMask = 2147483647;
			files = (
			);
			runOnlyForDeploymentPostprocessing = 0;
		};
		C3A20A241FC3297B00C354C6 /* Resources */ = {
			isa = PBXResourcesBuildPhase;
			buildActionMask = 2147483647;
			files = (
			);
			runOnlyForDeploymentPostprocessing = 0;
		};
/* End PBXResourcesBuildPhase section */

/* Begin PBXSourcesBuildPhase section */
		C3A20A031FC3297B00C354C6 /* Sources */ = {
			isa = PBXSourcesBuildPhase;
			buildActionMask = 2147483647;
			files = (
				C3A20A0D1FC3297B00C354C6 /* ViewController.swift in Sources */,
				C3A20A0B1FC3297B00C354C6 /* AppDelegate.swift in Sources */,
				C3A20A391FC346E500C354C6 /* Concentration.swift in Sources */,
			);
			runOnlyForDeploymentPostprocessing = 0;
		};
		C3A20A171FC3297B00C354C6 /* Sources */ = {
			isa = PBXSourcesBuildPhase;
			buildActionMask = 2147483647;
			files = (
				C3A20A201FC3297B00C354C6 /* ConcentrationTests.swift in Sources */,
			);
			runOnlyForDeploymentPostprocessing = 0;
		};
		C3A20A221FC3297B00C354C6 /* Sources */ = {
			isa = PBXSourcesBuildPhase;
			buildActionMask = 2147483647;
			files = (
				C3A20A2B1FC3297B00C354C6 /* ConcentrationUITests.swift in Sources */,
			);
			runOnlyForDeploymentPostprocessing = 0;
		};
/* End PBXSourcesBuildPhase section */

/* Begin PBXTargetDependency section */
		C3A20A1D1FC3297B00C354C6 /* PBXTargetDependency */ = {
			isa = PBXTargetDependency;
			target = C3A20A061FC3297B00C354C6 /* Concentration */;
			targetProxy = C3A20A1C1FC3297B00C354C6 /* PBXContainerItemProxy */;
		};
		C3A20A281FC3297B00C354C6 /* PBXTargetDependency */ = {
			isa = PBXTargetDependency;
			target = C3A20A061FC3297B00C354C6 /* Concentration */;
			targetProxy = C3A20A271FC3297B00C354C6 /* PBXContainerItemProxy */;
		};
/* End PBXTargetDependency section */

/* Begin PBXVariantGroup section */
		C3A20A0E1FC3297B00C354C6 /* Main.storyboard */ = {
			isa = PBXVariantGroup;
			children = (
				C3A20A0F1FC3297B00C354C6 /* Base */,
			);
			name = Main.storyboard;
			sourceTree = "<group>";
		};
		C3A20A131FC3297B00C354C6 /* LaunchScreen.storyboard */ = {
			isa = PBXVariantGroup;
			children = (
				C3A20A141FC3297B00C354C6 /* Base */,
			);
			name = LaunchScreen.storyboard;
			sourceTree = "<group>";
		};
/* End PBXVariantGroup section */

/* Begin XCBuildConfiguration section */
		C3A20A2D1FC3297B00C354C6 /* Debug */ = {
			isa = XCBuildConfiguration;
			buildSettings = {
				ALWAYS_SEARCH_USER_PATHS = NO;
				CLANG_ANALYZER_NONNULL = YES;
				CLANG_ANALYZER_NUMBER_OBJECT_CONVERSION = YES_AGGRESSIVE;
				CLANG_CXX_LANGUAGE_STANDARD = "gnu++14";
				CLANG_CXX_LIBRARY = "libc++";
				CLANG_ENABLE_MODULES = YES;
				CLANG_ENABLE_OBJC_ARC = YES;
				CLANG_WARN_BLOCK_CAPTURE_AUTORELEASING = YES;
				CLANG_WARN_BOOL_CONVERSION = YES;
				CLANG_WARN_COMMA = YES;
				CLANG_WARN_CONSTANT_CONVERSION = YES;
				CLANG_WARN_DIRECT_OBJC_ISA_USAGE = YES_ERROR;
				CLANG_WARN_DOCUMENTATION_COMMENTS = YES;
				CLANG_WARN_EMPTY_BODY = YES;
				CLANG_WARN_ENUM_CONVERSION = YES;
				CLANG_WARN_INFINITE_RECURSION = YES;
				CLANG_WARN_INT_CONVERSION = YES;
				CLANG_WARN_NON_LITERAL_NULL_CONVERSION = YES;
				CLANG_WARN_OBJC_LITERAL_CONVERSION = YES;
				CLANG_WARN_OBJC_ROOT_CLASS = YES_ERROR;
				CLANG_WARN_RANGE_LOOP_ANALYSIS = YES;
				CLANG_WARN_STRICT_PROTOTYPES = YES;
				CLANG_WARN_SUSPICIOUS_MOVE = YES;
				CLANG_WARN_UNGUARDED_AVAILABILITY = YES_AGGRESSIVE;
				CLANG_WARN_UNREACHABLE_CODE = YES;
				CLANG_WARN__DUPLICATE_METHOD_MATCH = YES;
				CODE_SIGN_IDENTITY = "iPhone Developer";
				COPY_PHASE_STRIP = NO;
				DEBUG_INFORMATION_FORMAT = dwarf;
				ENABLE_STRICT_OBJC_MSGSEND = YES;
				ENABLE_TESTABILITY = YES;
				GCC_C_LANGUAGE_STANDARD = gnu11;
				GCC_DYNAMIC_NO_PIC = NO;
				GCC_NO_COMMON_BLOCKS = YES;
				GCC_OPTIMIZATION_LEVEL = 0;
				GCC_PREPROCESSOR_DEFINITIONS = (
					"DEBUG=1",
					"$(inherited)",
				);
				GCC_WARN_64_TO_32_BIT_CONVERSION = YES;
				GCC_WARN_ABOUT_RETURN_TYPE = YES_ERROR;
				GCC_WARN_UNDECLARED_SELECTOR = YES;
				GCC_WARN_UNINITIALIZED_AUTOS = YES_AGGRESSIVE;
				GCC_WARN_UNUSED_FUNCTION = YES;
				GCC_WARN_UNUSED_VARIABLE = YES;
				IPHONEOS_DEPLOYMENT_TARGET = 11.1;
				MTL_ENABLE_DEBUG_INFO = YES;
				ONLY_ACTIVE_ARCH = YES;
				SDKROOT = iphoneos;
				SWIFT_ACTIVE_COMPILATION_CONDITIONS = DEBUG;
				SWIFT_OPTIMIZATION_LEVEL = "-Onone";
			};
			name = Debug;
		};
		C3A20A2E1FC3297B00C354C6 /* Release */ = {
			isa = XCBuildConfiguration;
			buildSettings = {
				ALWAYS_SEARCH_USER_PATHS = NO;
				CLANG_ANALYZER_NONNULL = YES;
				CLANG_ANALYZER_NUMBER_OBJECT_CONVERSION = YES_AGGRESSIVE;
				CLANG_CXX_LANGUAGE_STANDARD = "gnu++14";
				CLANG_CXX_LIBRARY = "libc++";
				CLANG_ENABLE_MODULES = YES;
				CLANG_ENABLE_OBJC_ARC = YES;
				CLANG_WARN_BLOCK_CAPTURE_AUTORELEASING = YES;
				CLANG_WARN_BOOL_CONVERSION = YES;
				CLANG_WARN_COMMA = YES;
				CLANG_WARN_CONSTANT_CONVERSION = YES;
				CLANG_WARN_DIRECT_OBJC_ISA_USAGE = YES_ERROR;
				CLANG_WARN_DOCUMENTATION_COMMENTS = YES;
				CLANG_WARN_EMPTY_BODY = YES;
				CLANG_WARN_ENUM_CONVERSION = YES;
				CLANG_WARN_INFINITE_RECURSION = YES;
				CLANG_WARN_INT_CONVERSION = YES;
				CLANG_WARN_NON_LITERAL_NULL_CONVERSION = YES;
				CLANG_WARN_OBJC_LITERAL_CONVERSION = YES;
				CLANG_WARN_OBJC_ROOT_CLASS = YES_ERROR;
				CLANG_WARN_RANGE_LOOP_ANALYSIS = YES;
				CLANG_WARN_STRICT_PROTOTYPES = YES;
				CLANG_WARN_SUSPICIOUS_MOVE = YES;
				CLANG_WARN_UNGUARDED_AVAILABILITY = YES_AGGRESSIVE;
				CLANG_WARN_UNREACHABLE_CODE = YES;
				CLANG_WARN__DUPLICATE_METHOD_MATCH = YES;
				CODE_SIGN_IDENTITY = "iPhone Developer";
				COPY_PHASE_STRIP = NO;
				DEBUG_INFORMATION_FORMAT = "dwarf-with-dsym";
				ENABLE_NS_ASSERTIONS = NO;
				ENABLE_STRICT_OBJC_MSGSEND = YES;
				GCC_C_LANGUAGE_STANDARD = gnu11;
				GCC_NO_COMMON_BLOCKS = YES;
				GCC_WARN_64_TO_32_BIT_CONVERSION = YES;
				GCC_WARN_ABOUT_RETURN_TYPE = YES_ERROR;
				GCC_WARN_UNDECLARED_SELECTOR = YES;
				GCC_WARN_UNINITIALIZED_AUTOS = YES_AGGRESSIVE;
				GCC_WARN_UNUSED_FUNCTION = YES;
				GCC_WARN_UNUSED_VARIABLE = YES;
				IPHONEOS_DEPLOYMENT_TARGET = 11.1;
				MTL_ENABLE_DEBUG_INFO = NO;
				SDKROOT = iphoneos;
				SWIFT_OPTIMIZATION_LEVEL = "-Owholemodule";
				VALIDATE_PRODUCT = YES;
			};
			name = Release;
		};
		C3A20A301FC3297B00C354C6 /* Debug */ = {
			isa = XCBuildConfiguration;
			buildSettings = {
				ASSETCATALOG_COMPILER_APPICON_NAME = AppIcon;
				CODE_SIGN_STYLE = Automatic;
				DEVELOPMENT_TEAM = WMUTG55K9X;
				INFOPLIST_FILE = Concentration/Info.plist;
				LD_RUNPATH_SEARCH_PATHS = "$(inherited) @executable_path/Frameworks";
				PRODUCT_BUNDLE_IDENTIFIER = com.salvadorariza.Concentration;
				PRODUCT_NAME = "$(TARGET_NAME)";
				SWIFT_VERSION = 4.0;
				TARGETED_DEVICE_FAMILY = "1,2";
			};
			name = Debug;
		};
		C3A20A311FC3297B00C354C6 /* Release */ = {
			isa = XCBuildConfiguration;
			buildSettings = {
				ASSETCATALOG_COMPILER_APPICON_NAME = AppIcon;
				CODE_SIGN_STYLE = Automatic;
				DEVELOPMENT_TEAM = WMUTG55K9X;
				INFOPLIST_FILE = Concentration/Info.plist;
				LD_RUNPATH_SEARCH_PATHS = "$(inherited) @executable_path/Frameworks";
				PRODUCT_BUNDLE_IDENTIFIER = com.salvadorariza.Concentration;
				PRODUCT_NAME = "$(TARGET_NAME)";
				SWIFT_VERSION = 4.0;
				TARGETED_DEVICE_FAMILY = "1,2";
			};
			name = Release;
		};
		C3A20A331FC3297B00C354C6 /* Debug */ = {
			isa = XCBuildConfiguration;
			buildSettings = {
				ALWAYS_EMBED_SWIFT_STANDARD_LIBRARIES = YES;
				BUNDLE_LOADER = "$(TEST_HOST)";
				CODE_SIGN_STYLE = Automatic;
				DEVELOPMENT_TEAM = WMUTG55K9X;
				INFOPLIST_FILE = ConcentrationTests/Info.plist;
				LD_RUNPATH_SEARCH_PATHS = "$(inherited) @executable_path/Frameworks @loader_path/Frameworks";
				PRODUCT_BUNDLE_IDENTIFIER = com.salvadorariza.ConcentrationTests;
				PRODUCT_NAME = "$(TARGET_NAME)";
				SWIFT_VERSION = 4.0;
				TARGETED_DEVICE_FAMILY = "1,2";
				TEST_HOST = "$(BUILT_PRODUCTS_DIR)/Concentration.app/Concentration";
			};
			name = Debug;
		};
		C3A20A341FC3297B00C354C6 /* Release */ = {
			isa = XCBuildConfiguration;
			buildSettings = {
				ALWAYS_EMBED_SWIFT_STANDARD_LIBRARIES = YES;
				BUNDLE_LOADER = "$(TEST_HOST)";
				CODE_SIGN_STYLE = Automatic;
				DEVELOPMENT_TEAM = WMUTG55K9X;
				INFOPLIST_FILE = ConcentrationTests/Info.plist;
				LD_RUNPATH_SEARCH_PATHS = "$(inherited) @executable_path/Frameworks @loader_path/Frameworks";
				PRODUCT_BUNDLE_IDENTIFIER = com.salvadorariza.ConcentrationTests;
				PRODUCT_NAME = "$(TARGET_NAME)";
				SWIFT_VERSION = 4.0;
				TARGETED_DEVICE_FAMILY = "1,2";
				TEST_HOST = "$(BUILT_PRODUCTS_DIR)/Concentration.app/Concentration";
			};
			name = Release;
		};
		C3A20A361FC3297B00C354C6 /* Debug */ = {
			isa = XCBuildConfiguration;
			buildSettings = {
				ALWAYS_EMBED_SWIFT_STANDARD_LIBRARIES = YES;
				CODE_SIGN_STYLE = Automatic;
				DEVELOPMENT_TEAM = WMUTG55K9X;
				INFOPLIST_FILE = ConcentrationUITests/Info.plist;
				LD_RUNPATH_SEARCH_PATHS = "$(inherited) @executable_path/Frameworks @loader_path/Frameworks";
				PRODUCT_BUNDLE_IDENTIFIER = com.salvadorariza.ConcentrationUITests;
				PRODUCT_NAME = "$(TARGET_NAME)";
				SWIFT_VERSION = 4.0;
				TARGETED_DEVICE_FAMILY = "1,2";
				TEST_TARGET_NAME = Concentration;
			};
			name = Debug;
		};
		C3A20A371FC3297B00C354C6 /* Release */ = {
			isa = XCBuildConfiguration;
			buildSettings = {
				ALWAYS_EMBED_SWIFT_STANDARD_LIBRARIES = YES;
				CODE_SIGN_STYLE = Automatic;
				DEVELOPMENT_TEAM = WMUTG55K9X;
				INFOPLIST_FILE = ConcentrationUITests/Info.plist;
				LD_RUNPATH_SEARCH_PATHS = "$(inherited) @executable_path/Frameworks @loader_path/Frameworks";
				PRODUCT_BUNDLE_IDENTIFIER = com.salvadorariza.ConcentrationUITests;
				PRODUCT_NAME = "$(TARGET_NAME)";
				SWIFT_VERSION = 4.0;
				TARGETED_DEVICE_FAMILY = "1,2";
				TEST_TARGET_NAME = Concentration;
			};
			name = Release;
		};
/* End XCBuildConfiguration section */

/* Begin XCConfigurationList section */
		C3A20A021FC3297B00C354C6 /* Build configuration list for PBXProject "Concentration" */ = {
			isa = XCConfigurationList;
			buildConfigurations = (
				C3A20A2D1FC3297B00C354C6 /* Debug */,
				C3A20A2E1FC3297B00C354C6 /* Release */,
			);
			defaultConfigurationIsVisible = 0;
			defaultConfigurationName = Release;
		};
		C3A20A2F1FC3297B00C354C6 /* Build configuration list for PBXNativeTarget "Concentration" */ = {
			isa = XCConfigurationList;
			buildConfigurations = (
				C3A20A301FC3297B00C354C6 /* Debug */,
				C3A20A311FC3297B00C354C6 /* Release */,
			);
			defaultConfigurationIsVisible = 0;
			defaultConfigurationName = Release;
		};
		C3A20A321FC3297B00C354C6 /* Build configuration list for PBXNativeTarget "ConcentrationTests" */ = {
			isa = XCConfigurationList;
			buildConfigurations = (
				C3A20A331FC3297B00C354C6 /* Debug */,
				C3A20A341FC3297B00C354C6 /* Release */,
			);
			defaultConfigurationIsVisible = 0;
			defaultConfigurationName = Release;
		};
		C3A20A351FC3297B00C354C6 /* Build configuration list for PBXNativeTarget "ConcentrationUITests" */ = {
			isa = XCConfigurationList;
			buildConfigurations = (
				C3A20A361FC3297B00C354C6 /* Debug */,
				C3A20A371FC3297B00C354C6 /* Release */,
			);
			defaultConfigurationIsVisible = 0;
			defaultConfigurationName = Release;
		};
/* End XCConfigurationList section */
	};
	rootObject = C3A209FF1FC3297B00C354C6 /* Project object */;
}
